github.com/eiannone/keyboard v0.0.0-20190314115158-7169d0afeb4f h1:UnS2RJ1y4KXbupaWRmMIkfFE9IBW//FiSCfTnHTsErI=
github.com/eiannone/keyboard v0.0.0-20190314115158-7169d0afeb4f/go.mod h1:Xoiu5VdKMvbRgHuY7+z64lhu/7lvax/22nzASF6GrO8=
golang.org/x/sys v0.0.0-20191113165036-4c7a9d0fe056 h1:dHtDnRWQtSx0Hjq9kvKFpBh9uPPKfQN70NZZmvssGwk=
golang.org/x/sys v0.0.0-20191113165036-4c7a9d0fe056/go.mod h1:h1NjWce9XRLGQEsW7wpKNCjG9DtNlClVuFLEZdDNbEs=
